# This file was autogenerated by Stack.
# You should not edit this file by hand.
# For more information, please see the documentation at:
#   https://docs.haskellstack.org/en/stable/lock_files

packages:
- completed:
    hackage: inflist-0.0.1@sha256:f78bb0b472e43dc475c1d9345dde5bafd554a0b780e7638235e6f25f71f3083d,1089
    pantry-tree:
      size: 407
      sha256: 999f1189f7e52e17b765063373fd3d936f9648f675dfd63ce3a34ba70195a36b
  original:
    hackage: inflist-0.0.1
snapshots:
- completed:
    size: 649572
    url: https://raw.githubusercontent.com/commercialhaskell/stackage-snapshots/master/lts/20/14.yaml
    sha256: 1b1cb989b5728e6aee80592e84a3799d4b8c0fe1ea1f29dedfaf4cdd9c0f51c0
  original: lts-20.14
