# This file was autogenerated by Stack.
# You should not edit this file by hand.
# For more information, please see the documentation at:
#   https://docs.haskellstack.org/en/stable/topics/lock_files

packages:
- completed:
    hackage: inflist-0.0.1@sha256:f78bb0b472e43dc475c1d9345dde5bafd554a0b780e7638235e6f25f71f3083d,1089
    pantry-tree:
      sha256: 999f1189f7e52e17b765063373fd3d936f9648f675dfd63ce3a34ba70195a36b
      size: 407
  original:
    hackage: inflist-0.0.1
- completed:
    hackage: weeder-2.9.0@sha256:95e5c70abe3ba56053ece773cdf9ce8abde5ec5cc9a4847c37d13119034a5b18,3707
    pantry-tree:
      sha256: 741a9889bdaa8222e8c032ea161114f43c9813ba9e19f0c0637c1876bd2efc8e
      size: 6056
  original:
    hackage: weeder-2.9.0
snapshots:
- completed:
    sha256: 238fa745b64f91184f9aa518fe04bdde6552533d169b0da5256670df83a0f1a9
    size: 721141
    url: https://raw.githubusercontent.com/commercialhaskell/stackage-snapshots/master/lts/22/44.yaml
  original: lts-22.44
